
Microsoft Visual Studio Solution File, Format Version 12.00
# Visual Studio 14
VisualStudioVersion = 14.0.25420.1
MinimumVisualStudioVersion = 10.0.40219.1
Project("{2150E333-8FDC-42A3-9474-1A3956D46DE8}") = "Engine", "Engine", "{9E1D4144-50BC-4EF8-87E8-46E1228BB8AC}"
EndProject
Project("{2150E333-8FDC-42A3-9474-1A3956D46DE8}") = "Games", "Games", "{DA14E209-683A-477F-A153-B8F1D180EE7B}"
EndProject
Project("{8BC9CEB8-8B4A-11D0-8D11-00A0C91BC942}") = "UE4", "Intermediate\ProjectFiles\UE4.vcxproj", "{515228E0-C92D-4826-B0A5-D27A98EECC6B}"
EndProject
Project("{8BC9CEB8-8B4A-11D0-8D11-00A0C91BC942}") = "UMGtoSlate", "Intermediate\ProjectFiles\UMGtoSlate.vcxproj", "{5536FD9C-10D5-4FC9-AD63-E970066A510D}"
EndProject
Global
	GlobalSection(SolutionConfigurationPlatforms) = preSolution
		DebugGame Editor|Win32 = DebugGame Editor|Win32
		DebugGame Editor|Win64 = DebugGame Editor|Win64
		DebugGame|Win32 = DebugGame|Win32
		DebugGame|Win64 = DebugGame|Win64
		Development Editor|Win32 = Development Editor|Win32
		Development Editor|Win64 = Development Editor|Win64
		Development|Win32 = Development|Win32
		Development|Win64 = Development|Win64
		Shipping|Win32 = Shipping|Win32
		Shipping|Win64 = Shipping|Win64
	EndGlobalSection
	GlobalSection(ProjectConfigurationPlatforms) = postSolution
		{515228E0-C92D-4826-B0A5-D27A98EECC6B}.DebugGame Editor|Win32.ActiveCfg = BuiltWithUnrealBuildTool|Win32
		{515228E0-C92D-4826-B0A5-D27A98EECC6B}.DebugGame Editor|Win32.Build.0 = BuiltWithUnrealBuildTool|Win32
		{515228E0-C92D-4826-B0A5-D27A98EECC6B}.DebugGame Editor|Win64.ActiveCfg = BuiltWithUnrealBuildTool|Win32
		{515228E0-C92D-4826-B0A5-D27A98EECC6B}.DebugGame Editor|Win64.Build.0 = BuiltWithUnrealBuildTool|Win32
		{515228E0-C92D-4826-B0A5-D27A98EECC6B}.DebugGame|Win32.ActiveCfg = BuiltWithUnrealBuildTool|Win32
		{515228E0-C92D-4826-B0A5-D27A98EECC6B}.DebugGame|Win32.Build.0 = BuiltWithUnrealBuildTool|Win32
		{515228E0-C92D-4826-B0A5-D27A98EECC6B}.DebugGame|Win64.ActiveCfg = BuiltWithUnrealBuildTool|Win32
		{515228E0-C92D-4826-B0A5-D27A98EECC6B}.DebugGame|Win64.Build.0 = BuiltWithUnrealBuildTool|Win32
		{515228E0-C92D-4826-B0A5-D27A98EECC6B}.Development Editor|Win32.ActiveCfg = BuiltWithUnrealBuildTool|Win32
		{515228E0-C92D-4826-B0A5-D27A98EECC6B}.Development Editor|Win32.Build.0 = BuiltWithUnrealBuildTool|Win32
		{515228E0-C92D-4826-B0A5-D27A98EECC6B}.Development Editor|Win64.ActiveCfg = BuiltWithUnrealBuildTool|Win32
		{515228E0-C92D-4826-B0A5-D27A98EECC6B}.Development Editor|Win64.Build.0 = BuiltWithUnrealBuildTool|Win32
		{515228E0-C92D-4826-B0A5-D27A98EECC6B}.Development|Win32.ActiveCfg = BuiltWithUnrealBuildTool|Win32
		{515228E0-C92D-4826-B0A5-D27A98EECC6B}.Development|Win32.Build.0 = BuiltWithUnrealBuildTool|Win32
		{515228E0-C92D-4826-B0A5-D27A98EECC6B}.Development|Win64.ActiveCfg = BuiltWithUnrealBuildTool|Win32
		{515228E0-C92D-4826-B0A5-D27A98EECC6B}.Development|Win64.Build.0 = BuiltWithUnrealBuildTool|Win32
		{515228E0-C92D-4826-B0A5-D27A98EECC6B}.Shipping|Win32.ActiveCfg = BuiltWithUnrealBuildTool|Win32
		{515228E0-C92D-4826-B0A5-D27A98EECC6B}.Shipping|Win32.Build.0 = BuiltWithUnrealBuildTool|Win32
		{515228E0-C92D-4826-B0A5-D27A98EECC6B}.Shipping|Win64.ActiveCfg = BuiltWithUnrealBuildTool|Win32
		{515228E0-C92D-4826-B0A5-D27A98EECC6B}.Shipping|Win64.Build.0 = BuiltWithUnrealBuildTool|Win32
		{5536FD9C-10D5-4FC9-AD63-E970066A510D}.DebugGame Editor|Win32.ActiveCfg = DebugGame_Editor|Win32
		{5536FD9C-10D5-4FC9-AD63-E970066A510D}.DebugGame Editor|Win64.ActiveCfg = DebugGame_Editor|x64
		{5536FD9C-10D5-4FC9-AD63-E970066A510D}.DebugGame Editor|Win64.Build.0 = DebugGame_Editor|x64
		{5536FD9C-10D5-4FC9-AD63-E970066A510D}.DebugGame|Win32.ActiveCfg = DebugGame_Game|Win32
		{5536FD9C-10D5-4FC9-AD63-E970066A510D}.DebugGame|Win32.Build.0 = DebugGame_Game|Win32
		{5536FD9C-10D5-4FC9-AD63-E970066A510D}.DebugGame|Win64.ActiveCfg = DebugGame_Game|x64
		{5536FD9C-10D5-4FC9-AD63-E970066A510D}.DebugGame|Win64.Build.0 = DebugGame_Game|x64
		{5536FD9C-10D5-4FC9-AD63-E970066A510D}.Development Editor|Win32.ActiveCfg = Development_Editor|Win32
		{5536FD9C-10D5-4FC9-AD63-E970066A510D}.Development Editor|Win64.ActiveCfg = Development_Editor|x64
		{5536FD9C-10D5-4FC9-AD63-E970066A510D}.Development Editor|Win64.Build.0 = Development_Editor|x64
		{5536FD9C-10D5-4FC9-AD63-E970066A510D}.Development|Win32.ActiveCfg = Development_Game|Win32
		{5536FD9C-10D5-4FC9-AD63-E970066A510D}.Development|Win32.Build.0 = Development_Game|Win32
		{5536FD9C-10D5-4FC9-AD63-E970066A510D}.Development|Win64.ActiveCfg = Development_Game|x64
		{5536FD9C-10D5-4FC9-AD63-E970066A510D}.Development|Win64.Build.0 = Development_Game|x64
		{5536FD9C-10D5-4FC9-AD63-E970066A510D}.Shipping|Win32.ActiveCfg = Shipping_Game|Win32
		{5536FD9C-10D5-4FC9-AD63-E970066A510D}.Shipping|Win32.Build.0 = Shipping_Game|Win32
		{5536FD9C-10D5-4FC9-AD63-E970066A510D}.Shipping|Win64.ActiveCfg = Shipping_Game|x64
		{5536FD9C-10D5-4FC9-AD63-E970066A510D}.Shipping|Win64.Build.0 = Shipping_Game|x64
	EndGlobalSection
	GlobalSection(SolutionProperties) = preSolution
		HideSolutionNode = FALSE
	EndGlobalSection
	GlobalSection(NestedProjects) = preSolution
		{515228E0-C92D-4826-B0A5-D27A98EECC6B} = {9E1D4144-50BC-4EF8-87E8-46E1228BB8AC}
		{5536FD9C-10D5-4FC9-AD63-E970066A510D} = {DA14E209-683A-477F-A153-B8F1D180EE7B}
	EndGlobalSection
EndGlobal
